
Microsoft Visual Studio Solution File, Format Version 12.00
# Visual Studio 2012
Project("{FAE04EC0-301F-11D3-BF4B-00C04F79EFBC}") = "guanbingking", "guanbingking\guanbingking.csproj", "{F7B066D1-4469-41CF-93FB-19BB5F44F377}"
EndProject
Project("{FAE04EC0-301F-11D3-BF4B-00C04F79EFBC}") = "Model", "Model\Model.csproj", "{5F59611D-CBBF-476C-A23F-F128B809F922}"
EndProject
Project("{FAE04EC0-301F-11D3-BF4B-00C04F79EFBC}") = "DAL", "Dal\DAL.csproj", "{71E7D17E-09D0-44D6-8A18-C3321AF893C9}"
EndProject
Project("{FAE04EC0-301F-11D3-BF4B-00C04F79EFBC}") = "BLL", "Bll\BLL.csproj", "{62143150-C7B8-4017-87F0-C96E49790BFD}"
EndProject
Global
	GlobalSection(SolutionConfigurationPlatforms) = preSolution
		Debug|Any CPU = Debug|Any CPU
		Release|Any CPU = Release|Any CPU
	EndGlobalSection
	GlobalSection(ProjectConfigurationPlatforms) = postSolution
		{F7B066D1-4469-41CF-93FB-19BB5F44F377}.Debug|Any CPU.ActiveCfg = Debug|Any CPU
		{F7B066D1-4469-41CF-93FB-19BB5F44F377}.Debug|Any CPU.Build.0 = Debug|Any CPU
		{F7B066D1-4469-41CF-93FB-19BB5F44F377}.Release|Any CPU.ActiveCfg = Release|Any CPU
		{F7B066D1-4469-41CF-93FB-19BB5F44F377}.Release|Any CPU.Build.0 = Release|Any CPU
		{5F59611D-CBBF-476C-A23F-F128B809F922}.Debug|Any CPU.ActiveCfg = Debug|Any CPU
		{5F59611D-CBBF-476C-A23F-F128B809F922}.Debug|Any CPU.Build.0 = Debug|Any CPU
		{5F59611D-CBBF-476C-A23F-F128B809F922}.Release|Any CPU.ActiveCfg = Release|Any CPU
		{5F59611D-CBBF-476C-A23F-F128B809F922}.Release|Any CPU.Build.0 = Release|Any CPU
		{71E7D17E-09D0-44D6-8A18-C3321AF893C9}.Debug|Any CPU.ActiveCfg = Debug|Any CPU
		{71E7D17E-09D0-44D6-8A18-C3321AF893C9}.Debug|Any CPU.Build.0 = Debug|Any CPU
		{71E7D17E-09D0-44D6-8A18-C3321AF893C9}.Release|Any CPU.ActiveCfg = Release|Any CPU
		{71E7D17E-09D0-44D6-8A18-C3321AF893C9}.Release|Any CPU.Build.0 = Release|Any CPU
		{62143150-C7B8-4017-87F0-C96E49790BFD}.Debug|Any CPU.ActiveCfg = Debug|Any CPU
		{62143150-C7B8-4017-87F0-C96E49790BFD}.Debug|Any CPU.Build.0 = Debug|Any CPU
		{62143150-C7B8-4017-87F0-C96E49790BFD}.Release|Any CPU.ActiveCfg = Release|Any CPU
		{62143150-C7B8-4017-87F0-C96E49790BFD}.Release|Any CPU.Build.0 = Release|Any CPU
	EndGlobalSection
	GlobalSection(SolutionProperties) = preSolution
		HideSolutionNode = FALSE
	EndGlobalSection
EndGlobal
